{
  "name": "fields",
  "version": "1.0.0",
  "lockfileVersion": 3,
  "requires": true,
  "packages": {
    "": {
      "name": "fields",
      "version": "1.0.0",
      "license": "ISC",
      "dependencies": {
        "workerpool": "^9.1.3"
      },
      "devDependencies": {
        "@types/node": "^22.4.0"
      }
    },
    "node_modules/@types/node": {
      "version": "22.4.0",
      "resolved": "https://registry.npmjs.org/@types/node/-/node-22.4.0.tgz",
      "integrity": "sha512-49AbMDwYUz7EXxKU/r7mXOsxwFr4BYbvB7tWYxVuLdb2ibd30ijjXINSMAHiEEZk5PCRBmW1gUeisn2VMKt3cQ==",
      "dev": true,
      "dependencies": {
        "undici-types": "~6.19.2"
      }
    },
    "node_modules/undici-types": {
      "version": "6.19.6",
      "resolved": "https://registry.npmjs.org/undici-types/-/undici-types-6.19.6.tgz",
      "integrity": "sha512-e/vggGopEfTKSvj4ihnOLTsqhrKRN3LeO6qSN/GxohhuRv8qH9bNQ4B8W7e/vFL+0XTnmHPB4/kegunZGA4Org==",
      "dev": true
    },
    "node_modules/workerpool": {
      "version": "9.1.3",
      "resolved": "https://registry.npmjs.org/workerpool/-/workerpool-9.1.3.tgz",
      "integrity": "sha512-LhUrk4tbxJRDQmRrrFWA9EnboXI79fe0ZNTy3u8m+dqPN1EkVSIsQYAB8OF/fkyhG8Rtup+c/bzj/+bzbG8fqg=="
    }
  }
}
